
Microsoft Visual Studio Solution File, Format Version 12.00
# Visual Studio Version 17
VisualStudioVersion = 17.5.002.0
MinimumVisualStudioVersion = 10.0.40219.1
Project("{9A19103F-16F7-4668-BE54-9A1E7A4F7556}") = "softhsm-csharp", "softhsm-csharp.csproj", "{EF9B12FD-5BB9-4C06-922E-2E60FAC1E1FE}"
EndProject
Global
	GlobalSection(SolutionConfigurationPlatforms) = preSolution
		Debug|Any CPU = Debug|Any CPU
		Release|Any CPU = Release|Any CPU
	EndGlobalSection
	GlobalSection(ProjectConfigurationPlatforms) = postSolution
		{EF9B12FD-5BB9-4C06-922E-2E60FAC1E1FE}.Debug|Any CPU.ActiveCfg = Debug|Any CPU
		{EF9B12FD-5BB9-4C06-922E-2E60FAC1E1FE}.Debug|Any CPU.Build.0 = Debug|Any CPU
		{EF9B12FD-5BB9-4C06-922E-2E60FAC1E1FE}.Release|Any CPU.ActiveCfg = Release|Any CPU
		{EF9B12FD-5BB9-4C06-922E-2E60FAC1E1FE}.Release|Any CPU.Build.0 = Release|Any CPU
	EndGlobalSection
	GlobalSection(SolutionProperties) = preSolution
		HideSolutionNode = FALSE
	EndGlobalSection
	GlobalSection(ExtensibilityGlobals) = postSolution
		SolutionGuid = {9E00A456-687F-4D9A-AB48-3CECBEBEA605}
	EndGlobalSection
EndGlobal
